
Microsoft Visual Studio Solution File, Format Version 12.00
# Visual Studio Version 17
VisualStudioVersion = 17.5.33414.496
MinimumVisualStudioVersion = 10.0.40219.1
Project("{2150E333-8FDC-42A3-9474-1A3956D46DE8}") = "01-Servico", "01-Servico", "{B4F7038C-33F1-424E-B7AC-C4054997F6E8}"
EndProject
Project("{FAE04EC0-301F-11D3-BF4B-00C04F79EFBC}") = "AmigoSecreto.API", "src\AmigoSecreto.API\AmigoSecreto.API.csproj", "{BC77983A-CE38-4C78-ABDC-1165599E9940}"
EndProject
Project("{FAE04EC0-301F-11D3-BF4B-00C04F79EFBC}") = "Amigosecreto.API.Test", "test\Amigosecreto.API.Test\Amigosecreto.API.Test.csproj", "{35DB63B3-7B7A-4107-AF64-BEE3F1B6ECA3}"
EndProject
Project("{2150E333-8FDC-42A3-9474-1A3956D46DE8}") = "03-Dominio", "03-Dominio", "{B413CE20-C25D-4373-B967-AE3BBCD9C6DA}"
EndProject
Project("{2150E333-8FDC-42A3-9474-1A3956D46DE8}") = "02-Aplicacao", "02-Aplicacao", "{856E922E-D545-491A-81BE-4807F5880355}"
EndProject
Project("{2150E333-8FDC-42A3-9474-1A3956D46DE8}") = "04-Infra", "04-Infra", "{8EBA650C-1190-46E2-B4E8-DE2E4223733D}"
EndProject
Project("{FAE04EC0-301F-11D3-BF4B-00C04F79EFBC}") = "AmigoSecreto.APP", "src\AmigoSecreto.APP\AmigoSecreto.APP.csproj", "{FE4F9712-240E-4B8D-BB17-0F1231D091D4}"
EndProject
Project("{FAE04EC0-301F-11D3-BF4B-00C04F79EFBC}") = "AmigoSecreto.APP.Test", "test\AmigoSecreto.APP.Test\AmigoSecreto.APP.Test.csproj", "{3E7BD982-900E-4CE5-B72C-67EFBD75F4AD}"
EndProject
Project("{FAE04EC0-301F-11D3-BF4B-00C04F79EFBC}") = "AmigoSecreto.Dominio", "src\AmigoSecreto.Dominio\AmigoSecreto.Dominio.csproj", "{6268AEB0-674A-47F0-BDED-0DEBB57D9B13}"
EndProject
Project("{FAE04EC0-301F-11D3-BF4B-00C04F79EFBC}") = "AmigoSecreto.Dominio.Test", "test\AmigoSecreto.Dominio.Test\AmigoSecreto.Dominio.Test.csproj", "{BC46751A-A704-4258-9F61-60A81B7270DC}"
EndProject
Project("{FAE04EC0-301F-11D3-BF4B-00C04F79EFBC}") = "AmigoSecreto.Infra", "src\AmigoSecreto.Infra\AmigoSecreto.Infra.csproj", "{C6AF7B71-3FF0-472E-8A4A-DD8DF7BD9619}"
EndProject
Project("{FAE04EC0-301F-11D3-BF4B-00C04F79EFBC}") = "AmigoSecreto.infra.IoC", "src\AmigoSecreto.infra.IoC\AmigoSecreto.infra.IoC.csproj", "{184BBAC3-824D-4F73-AB0A-B1858A5F9777}"
EndProject
Global
	GlobalSection(SolutionConfigurationPlatforms) = preSolution
		Debug|Any CPU = Debug|Any CPU
		Release|Any CPU = Release|Any CPU
	EndGlobalSection
	GlobalSection(ProjectConfigurationPlatforms) = postSolution
		{BC77983A-CE38-4C78-ABDC-1165599E9940}.Debug|Any CPU.ActiveCfg = Debug|Any CPU
		{BC77983A-CE38-4C78-ABDC-1165599E9940}.Debug|Any CPU.Build.0 = Debug|Any CPU
		{BC77983A-CE38-4C78-ABDC-1165599E9940}.Release|Any CPU.ActiveCfg = Release|Any CPU
		{BC77983A-CE38-4C78-ABDC-1165599E9940}.Release|Any CPU.Build.0 = Release|Any CPU
		{35DB63B3-7B7A-4107-AF64-BEE3F1B6ECA3}.Debug|Any CPU.ActiveCfg = Debug|Any CPU
		{35DB63B3-7B7A-4107-AF64-BEE3F1B6ECA3}.Debug|Any CPU.Build.0 = Debug|Any CPU
		{35DB63B3-7B7A-4107-AF64-BEE3F1B6ECA3}.Release|Any CPU.ActiveCfg = Release|Any CPU
		{35DB63B3-7B7A-4107-AF64-BEE3F1B6ECA3}.Release|Any CPU.Build.0 = Release|Any CPU
		{FE4F9712-240E-4B8D-BB17-0F1231D091D4}.Debug|Any CPU.ActiveCfg = Debug|Any CPU
		{FE4F9712-240E-4B8D-BB17-0F1231D091D4}.Debug|Any CPU.Build.0 = Debug|Any CPU
		{FE4F9712-240E-4B8D-BB17-0F1231D091D4}.Release|Any CPU.ActiveCfg = Release|Any CPU
		{FE4F9712-240E-4B8D-BB17-0F1231D091D4}.Release|Any CPU.Build.0 = Release|Any CPU
		{3E7BD982-900E-4CE5-B72C-67EFBD75F4AD}.Debug|Any CPU.ActiveCfg = Debug|Any CPU
		{3E7BD982-900E-4CE5-B72C-67EFBD75F4AD}.Debug|Any CPU.Build.0 = Debug|Any CPU
		{3E7BD982-900E-4CE5-B72C-67EFBD75F4AD}.Release|Any CPU.ActiveCfg = Release|Any CPU
		{3E7BD982-900E-4CE5-B72C-67EFBD75F4AD}.Release|Any CPU.Build.0 = Release|Any CPU
		{6268AEB0-674A-47F0-BDED-0DEBB57D9B13}.Debug|Any CPU.ActiveCfg = Debug|Any CPU
		{6268AEB0-674A-47F0-BDED-0DEBB57D9B13}.Debug|Any CPU.Build.0 = Debug|Any CPU
		{6268AEB0-674A-47F0-BDED-0DEBB57D9B13}.Release|Any CPU.ActiveCfg = Release|Any CPU
		{6268AEB0-674A-47F0-BDED-0DEBB57D9B13}.Release|Any CPU.Build.0 = Release|Any CPU
		{BC46751A-A704-4258-9F61-60A81B7270DC}.Debug|Any CPU.ActiveCfg = Debug|Any CPU
		{BC46751A-A704-4258-9F61-60A81B7270DC}.Debug|Any CPU.Build.0 = Debug|Any CPU
		{BC46751A-A704-4258-9F61-60A81B7270DC}.Release|Any CPU.ActiveCfg = Release|Any CPU
		{BC46751A-A704-4258-9F61-60A81B7270DC}.Release|Any CPU.Build.0 = Release|Any CPU
		{C6AF7B71-3FF0-472E-8A4A-DD8DF7BD9619}.Debug|Any CPU.ActiveCfg = Debug|Any CPU
		{C6AF7B71-3FF0-472E-8A4A-DD8DF7BD9619}.Debug|Any CPU.Build.0 = Debug|Any CPU
		{C6AF7B71-3FF0-472E-8A4A-DD8DF7BD9619}.Release|Any CPU.ActiveCfg = Release|Any CPU
		{C6AF7B71-3FF0-472E-8A4A-DD8DF7BD9619}.Release|Any CPU.Build.0 = Release|Any CPU
		{184BBAC3-824D-4F73-AB0A-B1858A5F9777}.Debug|Any CPU.ActiveCfg = Debug|Any CPU
		{184BBAC3-824D-4F73-AB0A-B1858A5F9777}.Debug|Any CPU.Build.0 = Debug|Any CPU
		{184BBAC3-824D-4F73-AB0A-B1858A5F9777}.Release|Any CPU.ActiveCfg = Release|Any CPU
		{184BBAC3-824D-4F73-AB0A-B1858A5F9777}.Release|Any CPU.Build.0 = Release|Any CPU
	EndGlobalSection
	GlobalSection(SolutionProperties) = preSolution
		HideSolutionNode = FALSE
	EndGlobalSection
	GlobalSection(NestedProjects) = preSolution
		{BC77983A-CE38-4C78-ABDC-1165599E9940} = {B4F7038C-33F1-424E-B7AC-C4054997F6E8}
		{35DB63B3-7B7A-4107-AF64-BEE3F1B6ECA3} = {B4F7038C-33F1-424E-B7AC-C4054997F6E8}
		{FE4F9712-240E-4B8D-BB17-0F1231D091D4} = {856E922E-D545-491A-81BE-4807F5880355}
		{3E7BD982-900E-4CE5-B72C-67EFBD75F4AD} = {856E922E-D545-491A-81BE-4807F5880355}
		{6268AEB0-674A-47F0-BDED-0DEBB57D9B13} = {B413CE20-C25D-4373-B967-AE3BBCD9C6DA}
		{BC46751A-A704-4258-9F61-60A81B7270DC} = {B413CE20-C25D-4373-B967-AE3BBCD9C6DA}
		{C6AF7B71-3FF0-472E-8A4A-DD8DF7BD9619} = {8EBA650C-1190-46E2-B4E8-DE2E4223733D}
		{184BBAC3-824D-4F73-AB0A-B1858A5F9777} = {8EBA650C-1190-46E2-B4E8-DE2E4223733D}
	EndGlobalSection
	GlobalSection(ExtensibilityGlobals) = postSolution
		SolutionGuid = {687E4AB4-FEDF-4AEF-9A90-F5032F624412}
	EndGlobalSection
EndGlobal
